// !$*UTF8*$!
{
	archiveVersion = 1;
	classes = {
	};
	objectVersion = 77;
	objects = {

/* Begin PBXContainerItemProxy section */
		9642EC9A2CA370390047A6A3 /* PBXContainerItemProxy */ = {
			isa = PBXContainerItemProxy;
			containerPortal = 9642EC812CA370370047A6A3 /* Project object */;
			proxyType = 1;
			remoteGlobalIDString = 9642EC882CA370370047A6A3;
			remoteInfo = BasicDrawingApp;
		};
		9642ECA42CA370390047A6A3 /* PBXContainerItemProxy */ = {
			isa = PBXContainerItemProxy;
			containerPortal = 9642EC812CA370370047A6A3 /* Project object */;
			proxyType = 1;
			remoteGlobalIDString = 9642EC882CA370370047A6A3;
			remoteInfo = BasicDrawingApp;
		};
/* End PBXContainerItemProxy section */

/* Begin PBXFileReference section */
		9642EC892CA370370047A6A3 /* BasicDrawingApp.app */ = {isa = PBXFileReference; explicitFileType = wrapper.application; includeInIndex = 0; path = BasicDrawingApp.app; sourceTree = BUILT_PRODUCTS_DIR; };
		9642EC992CA370390047A6A3 /* BasicDrawingAppTests.xctest */ = {isa = PBXFileReference; explicitFileType = wrapper.cfbundle; includeInIndex = 0; path = BasicDrawingAppTests.xctest; sourceTree = BUILT_PRODUCTS_DIR; };
		9642ECA32CA370390047A6A3 /* BasicDrawingAppUITests.xctest */ = {isa = PBXFileReference; explicitFileType = wrapper.cfbundle; includeInIndex = 0; path = BasicDrawingAppUITests.xctest; sourceTree = BUILT_PRODUCTS_DIR; };
/* End PBXFileReference section */

/* Begin PBXFileSystemSynchronizedRootGroup section */
		9642EC8B2CA370370047A6A3 /* BasicDrawingApp */ = {
			isa = PBXFileSystemSynchronizedRootGroup;
			path = BasicDrawingApp;
			sourceTree = "<group>";
		};
		9642EC9C2CA370390047A6A3 /* BasicDrawingAppTests */ = {
			isa = PBXFileSystemSynchronizedRootGroup;
			path = BasicDrawingAppTests;
			sourceTree = "<group>";
		};
		9642ECA62CA370390047A6A3 /* BasicDrawingAppUITests */ = {
			isa = PBXFileSystemSynchronizedRootGroup;
			path = BasicDrawingAppUITests;
			sourceTree = "<group>";
		};
/* End PBXFileSystemSynchronizedRootGroup section */

/* Begin PBXFrameworksBuildPhase section */
		9642EC862CA370370047A6A3 /* Frameworks */ = {
			isa = PBXFrameworksBuildPhase;
			buildActionMask = 2147483647;
			files = (
			);
			runOnlyForDeploymentPostprocessing = 0;
		};
		9642EC962CA370390047A6A3 /* Frameworks */ = {
			isa = PBXFrameworksBuildPhase;
			buildActionMask = 2147483647;
			files = (
			);
			runOnlyForDeploymentPostprocessing = 0;
		};
		9642ECA02CA370390047A6A3 /* Frameworks */ = {
			isa = PBXFrameworksBuildPhase;
			buildActionMask = 2147483647;
			files = (
			);
			runOnlyForDeploymentPostprocessing = 0;
		};
/* End PBXFrameworksBuildPhase section */

/* Begin PBXGroup section */
		9642EC802CA370370047A6A3 = {
			isa = PBXGroup;
			children = (
				9642EC8B2CA370370047A6A3 /* BasicDrawingApp */,
				9642EC9C2CA370390047A6A3 /* BasicDrawingAppTests */,
				9642ECA62CA370390047A6A3 /* BasicDrawingAppUITests */,
				9642EC8A2CA370370047A6A3 /* Products */,
			);
			sourceTree = "<group>";
		};
		9642EC8A2CA370370047A6A3 /* Products */ = {
			isa = PBXGroup;
			children = (
				9642EC892CA370370047A6A3 /* BasicDrawingApp.app */,
				9642EC992CA370390047A6A3 /* BasicDrawingAppTests.xctest */,
				9642ECA32CA370390047A6A3 /* BasicDrawingAppUITests.xctest */,
			);
			name = Products;
			sourceTree = "<group>";
		};
/* End PBXGroup section */

/* Begin PBXNativeTarget section */
		9642EC882CA370370047A6A3 /* BasicDrawingApp */ = {
			isa = PBXNativeTarget;
			buildConfigurationList = 9642ECAD2CA370390047A6A3 /* Build configuration list for PBXNativeTarget "BasicDrawingApp" */;
			buildPhases = (
				9642EC852CA370370047A6A3 /* Sources */,
				9642EC862CA370370047A6A3 /* Frameworks */,
				9642EC872CA370370047A6A3 /* Resources */,
			);
			buildRules = (
			);
			dependencies = (
			);
			fileSystemSynchronizedGroups = (
				9642EC8B2CA370370047A6A3 /* BasicDrawingApp */,
			);
			name = BasicDrawingApp;
			packageProductDependencies = (
			);
			productName = BasicDrawingApp;
			productReference = 9642EC892CA370370047A6A3 /* BasicDrawingApp.app */;
			productType = "com.apple.product-type.application";
		};
		9642EC982CA370390047A6A3 /* BasicDrawingAppTests */ = {
			isa = PBXNativeTarget;
			buildConfigurationList = 9642ECB02CA370390047A6A3 /* Build configuration list for PBXNativeTarget "BasicDrawingAppTests" */;
			buildPhases = (
				9642EC952CA370390047A6A3 /* Sources */,
				9642EC962CA370390047A6A3 /* Frameworks */,
				9642EC972CA370390047A6A3 /* Resources */,
			);
			buildRules = (
			);
			dependencies = (
				9642EC9B2CA370390047A6A3 /* PBXTargetDependency */,
			);
			fileSystemSynchronizedGroups = (
				9642EC9C2CA370390047A6A3 /* BasicDrawingAppTests */,
			);
			name = BasicDrawingAppTests;
			packageProductDependencies = (
			);
			productName = BasicDrawingAppTests;
			productReference = 9642EC992CA370390047A6A3 /* BasicDrawingAppTests.xctest */;
			productType = "com.apple.product-type.bundle.unit-test";
		};
		9642ECA22CA370390047A6A3 /* BasicDrawingAppUITests */ = {
			isa = PBXNativeTarget;
			buildConfigurationList = 9642ECB32CA370390047A6A3 /* Build configuration list for PBXNativeTarget "BasicDrawingAppUITests" */;
			buildPhases = (
				9642EC9F2CA370390047A6A3 /* Sources */,
				9642ECA02CA370390047A6A3 /* Frameworks */,
				9642ECA12CA370390047A6A3 /* Resources */,
			);
			buildRules = (
			);
			dependencies = (
				9642ECA52CA370390047A6A3 /* PBXTargetDependency */,
			);
			fileSystemSynchronizedGroups = (
				9642ECA62CA370390047A6A3 /* BasicDrawingAppUITests */,
			);
			name = BasicDrawingAppUITests;
			packageProductDependencies = (
			);
			productName = BasicDrawingAppUITests;
			productReference = 9642ECA32CA370390047A6A3 /* BasicDrawingAppUITests.xctest */;
			productType = "com.apple.product-type.bundle.ui-testing";
		};
/* End PBXNativeTarget section */

/* Begin PBXProject section */
		9642EC812CA370370047A6A3 /* Project object */ = {
			isa = PBXProject;
			attributes = {
				BuildIndependentTargetsInParallel = 1;
				LastSwiftUpdateCheck = 1600;
				LastUpgradeCheck = 1600;
				TargetAttributes = {
					9642EC882CA370370047A6A3 = {
						CreatedOnToolsVersion = 16.0;
					};
					9642EC982CA370390047A6A3 = {
						CreatedOnToolsVersion = 16.0;
						TestTargetID = 9642EC882CA370370047A6A3;
					};
					9642ECA22CA370390047A6A3 = {
						CreatedOnToolsVersion = 16.0;
						TestTargetID = 9642EC882CA370370047A6A3;
					};
				};
			};
			buildConfigurationList = 9642EC842CA370370047A6A3 /* Build configuration list for PBXProject "BasicDrawingApp" */;
			developmentRegion = en;
			hasScannedForEncodings = 0;
			knownRegions = (
				en,
				Base,
			);
			mainGroup = 9642EC802CA370370047A6A3;
			minimizedProjectReferenceProxies = 1;
			preferredProjectObjectVersion = 77;
			productRefGroup = 9642EC8A2CA370370047A6A3 /* Products */;
			projectDirPath = "";
			projectRoot = "";
			targets = (
				9642EC882CA370370047A6A3 /* BasicDrawingApp */,
				9642EC982CA370390047A6A3 /* BasicDrawingAppTests */,
				9642ECA22CA370390047A6A3 /* BasicDrawingAppUITests */,
			);
		};
/* End PBXProject section */

/* Begin PBXResourcesBuildPhase section */
		9642EC872CA370370047A6A3 /* Resources */ = {
			isa = PBXResourcesBuildPhase;
			buildActionMask = 2147483647;
			files = (
			);
			runOnlyForDeploymentPostprocessing = 0;
		};
		9642EC972CA370390047A6A3 /* Resources */ = {
			isa = PBXResourcesBuildPhase;
			buildActionMask = 2147483647;
			files = (
			);
			runOnlyForDeploymentPostprocessing = 0;
		};
		9642ECA12CA370390047A6A3 /* Resources */ = {
			isa = PBXResourcesBuildPhase;
			buildActionMask = 2147483647;
			files = (
			);
			runOnlyForDeploymentPostprocessing = 0;
		};
/* End PBXResourcesBuildPhase section */

/* Begin PBXSourcesBuildPhase section */
		9642EC852CA370370047A6A3 /* Sources */ = {
			isa = PBXSourcesBuildPhase;
			buildActionMask = 2147483647;
			files = (
			);
			runOnlyForDeploymentPostprocessing = 0;
		};
		9642EC952CA370390047A6A3 /* Sources */ = {
			isa = PBXSourcesBuildPhase;
			buildActionMask = 2147483647;
			files = (
			);
			runOnlyForDeploymentPostprocessing = 0;
		};
		9642EC9F2CA370390047A6A3 /* Sources */ = {
			isa = PBXSourcesBuildPhase;
			buildActionMask = 2147483647;
			files = (
			);
			runOnlyForDeploymentPostprocessing = 0;
		};
/* End PBXSourcesBuildPhase section */

/* Begin PBXTargetDependency section */
		9642EC9B2CA370390047A6A3 /* PBXTargetDependency */ = {
			isa = PBXTargetDependency;
			target = 9642EC882CA370370047A6A3 /* BasicDrawingApp */;
			targetProxy = 9642EC9A2CA370390047A6A3 /* PBXContainerItemProxy */;
		};
		9642ECA52CA370390047A6A3 /* PBXTargetDependency */ = {
			isa = PBXTargetDependency;
			target = 9642EC882CA370370047A6A3 /* BasicDrawingApp */;
			targetProxy = 9642ECA42CA370390047A6A3 /* PBXContainerItemProxy */;
		};
/* End PBXTargetDependency section */

/* Begin XCBuildConfiguration section */
		9642ECAB2CA370390047A6A3 /* Debug */ = {
			isa = XCBuildConfiguration;
			buildSettings = {
				ALWAYS_SEARCH_USER_PATHS = NO;
				ASSETCATALOG_COMPILER_GENERATE_SWIFT_ASSET_SYMBOL_EXTENSIONS = YES;
				CLANG_ANALYZER_NONNULL = YES;
				CLANG_ANALYZER_NUMBER_OBJECT_CONVERSION = YES_AGGRESSIVE;
				CLANG_CXX_LANGUAGE_STANDARD = "gnu++20";
				CLANG_ENABLE_MODULES = YES;
				CLANG_ENABLE_OBJC_ARC = YES;
				CLANG_ENABLE_OBJC_WEAK = YES;
				CLANG_WARN_BLOCK_CAPTURE_AUTORELEASING = YES;
				CLANG_WARN_BOOL_CONVERSION = YES;
				CLANG_WARN_COMMA = YES;
				CLANG_WARN_CONSTANT_CONVERSION = YES;
				CLANG_WARN_DEPRECATED_OBJC_IMPLEMENTATIONS = YES;
				CLANG_WARN_DIRECT_OBJC_ISA_USAGE = YES_ERROR;
				CLANG_WARN_DOCUMENTATION_COMMENTS = YES;
				CLANG_WARN_EMPTY_BODY = YES;
				CLANG_WARN_ENUM_CONVERSION = YES;
				CLANG_WARN_INFINITE_RECURSION = YES;
				CLANG_WARN_INT_CONVERSION = YES;
				CLANG_WARN_NON_LITERAL_NULL_CONVERSION = YES;
				CLANG_WARN_OBJC_IMPLICIT_RETAIN_SELF = YES;
				CLANG_WARN_OBJC_LITERAL_CONVERSION = YES;
				CLANG_WARN_OBJC_ROOT_CLASS = YES_ERROR;
				CLANG_WARN_QUOTED_INCLUDE_IN_FRAMEWORK_HEADER = YES;
				CLANG_WARN_RANGE_LOOP_ANALYSIS = YES;
				CLANG_WARN_STRICT_PROTOTYPES = YES;
				CLANG_WARN_SUSPICIOUS_MOVE = YES;
				CLANG_WARN_UNGUARDED_AVAILABILITY = YES_AGGRESSIVE;
				CLANG_WARN_UNREACHABLE_CODE = YES;
				CLANG_WARN__DUPLICATE_METHOD_MATCH = YES;
				COPY_PHASE_STRIP = NO;
				DEBUG_INFORMATION_FORMAT = dwarf;
				ENABLE_STRICT_OBJC_MSGSEND = YES;
				ENABLE_TESTABILITY = YES;
				ENABLE_USER_SCRIPT_SANDBOXING = YES;
				GCC_C_LANGUAGE_STANDARD = gnu17;
				GCC_DYNAMIC_NO_PIC = NO;
				GCC_NO_COMMON_BLOCKS = YES;
				GCC_OPTIMIZATION_LEVEL = 0;
				GCC_PREPROCESSOR_DEFINITIONS = (
					"DEBUG=1",
					"$(inherited)",
				);
				GCC_WARN_64_TO_32_BIT_CONVERSION = YES;
				GCC_WARN_ABOUT_RETURN_TYPE = YES_ERROR;
				GCC_WARN_UNDECLARED_SELECTOR = YES;
				GCC_WARN_UNINITIALIZED_AUTOS = YES_AGGRESSIVE;
				GCC_WARN_UNUSED_FUNCTION = YES;
				GCC_WARN_UNUSED_VARIABLE = YES;
				IPHONEOS_DEPLOYMENT_TARGET = 18.0;
				LOCALIZATION_PREFERS_STRING_CATALOGS = YES;
				MTL_ENABLE_DEBUG_INFO = INCLUDE_SOURCE;
				MTL_FAST_MATH = YES;
				ONLY_ACTIVE_ARCH = YES;
				SDKROOT = iphoneos;
				SWIFT_ACTIVE_COMPILATION_CONDITIONS = "DEBUG $(inherited)";
				SWIFT_OPTIMIZATION_LEVEL = "-Onone";
			};
			name = Debug;
		};
		9642ECAC2CA370390047A6A3 /* Release */ = {
			isa = XCBuildConfiguration;
			buildSettings = {
				ALWAYS_SEARCH_USER_PATHS = NO;
				ASSETCATALOG_COMPILER_GENERATE_SWIFT_ASSET_SYMBOL_EXTENSIONS = YES;
				CLANG_ANALYZER_NONNULL = YES;
				CLANG_ANALYZER_NUMBER_OBJECT_CONVERSION = YES_AGGRESSIVE;
				CLANG_CXX_LANGUAGE_STANDARD = "gnu++20";
				CLANG_ENABLE_MODULES = YES;
				CLANG_ENABLE_OBJC_ARC = YES;
				CLANG_ENABLE_OBJC_WEAK = YES;
				CLANG_WARN_BLOCK_CAPTURE_AUTORELEASING = YES;
				CLANG_WARN_BOOL_CONVERSION = YES;
				CLANG_WARN_COMMA = YES;
				CLANG_WARN_CONSTANT_CONVERSION = YES;
				CLANG_WARN_DEPRECATED_OBJC_IMPLEMENTATIONS = YES;
				CLANG_WARN_DIRECT_OBJC_ISA_USAGE = YES_ERROR;
				CLANG_WARN_DOCUMENTATION_COMMENTS = YES;
				CLANG_WARN_EMPTY_BODY = YES;
				CLANG_WARN_ENUM_CONVERSION = YES;
				CLANG_WARN_INFINITE_RECURSION = YES;
				CLANG_WARN_INT_CONVERSION = YES;
				CLANG_WARN_NON_LITERAL_NULL_CONVERSION = YES;
				CLANG_WARN_OBJC_IMPLICIT_RETAIN_SELF = YES;
				CLANG_WARN_OBJC_LITERAL_CONVERSION = YES;
				CLANG_WARN_OBJC_ROOT_CLASS = YES_ERROR;
				CLANG_WARN_QUOTED_INCLUDE_IN_FRAMEWORK_HEADER = YES;
				CLANG_WARN_RANGE_LOOP_ANALYSIS = YES;
				CLANG_WARN_STRICT_PROTOTYPES = YES;
				CLANG_WARN_SUSPICIOUS_MOVE = YES;
				CLANG_WARN_UNGUARDED_AVAILABILITY = YES_AGGRESSIVE;
				CLANG_WARN_UNREACHABLE_CODE = YES;
				CLANG_WARN__DUPLICATE_METHOD_MATCH = YES;
				COPY_PHASE_STRIP = NO;
				DEBUG_INFORMATION_FORMAT = "dwarf-with-dsym";
				ENABLE_NS_ASSERTIONS = NO;
				ENABLE_STRICT_OBJC_MSGSEND = YES;
				ENABLE_USER_SCRIPT_SANDBOXING = YES;
				GCC_C_LANGUAGE_STANDARD = gnu17;
				GCC_NO_COMMON_BLOCKS = YES;
				GCC_WARN_64_TO_32_BIT_CONVERSION = YES;
				GCC_WARN_ABOUT_RETURN_TYPE = YES_ERROR;
				GCC_WARN_UNDECLARED_SELECTOR = YES;
				GCC_WARN_UNINITIALIZED_AUTOS = YES_AGGRESSIVE;
				GCC_WARN_UNUSED_FUNCTION = YES;
				GCC_WARN_UNUSED_VARIABLE = YES;
				IPHONEOS_DEPLOYMENT_TARGET = 18.0;
				LOCALIZATION_PREFERS_STRING_CATALOGS = YES;
				MTL_ENABLE_DEBUG_INFO = NO;
				MTL_FAST_MATH = YES;
				SDKROOT = iphoneos;
				SWIFT_COMPILATION_MODE = wholemodule;
				VALIDATE_PRODUCT = YES;
			};
			name = Release;
		};
		9642ECAE2CA370390047A6A3 /* Debug */ = {
			isa = XCBuildConfiguration;
			buildSettings = {
				ASSETCATALOG_COMPILER_APPICON_NAME = AppIcon;
				ASSETCATALOG_COMPILER_GLOBAL_ACCENT_COLOR_NAME = AccentColor;
				CODE_SIGN_STYLE = Automatic;
				CURRENT_PROJECT_VERSION = 1;
				DEVELOPMENT_ASSET_PATHS = "\"BasicDrawingApp/Preview Content\"";
				DEVELOPMENT_TEAM = 47U4934726;
				ENABLE_PREVIEWS = YES;
				GENERATE_INFOPLIST_FILE = YES;
				INFOPLIST_KEY_UIApplicationSceneManifest_Generation = YES;
				INFOPLIST_KEY_UIApplicationSupportsIndirectInputEvents = YES;
				INFOPLIST_KEY_UILaunchScreen_Generation = YES;
				INFOPLIST_KEY_UISupportedInterfaceOrientations_iPad = "UIInterfaceOrientationPortrait UIInterfaceOrientationPortraitUpsideDown UIInterfaceOrientationLandscapeLeft UIInterfaceOrientationLandscapeRight";
				INFOPLIST_KEY_UISupportedInterfaceOrientations_iPhone = "UIInterfaceOrientationPortrait UIInterfaceOrientationLandscapeLeft UIInterfaceOrientationLandscapeRight";
				LD_RUNPATH_SEARCH_PATHS = (
					"$(inherited)",
					"@executable_path/Frameworks",
				);
				MARKETING_VERSION = 1.0;
				PRODUCT_BUNDLE_IDENTIFIER = justApps.BasicDrawingApp;
				PRODUCT_NAME = "$(TARGET_NAME)";
				SWIFT_EMIT_LOC_STRINGS = YES;
				SWIFT_VERSION = 5.0;
				TARGETED_DEVICE_FAMILY = "1,2";
			};
			name = Debug;
		};
		9642ECAF2CA370390047A6A3 /* Release */ = {
			isa = XCBuildConfiguration;
			buildSettings = {
				ASSETCATALOG_COMPILER_APPICON_NAME = AppIcon;
				ASSETCATALOG_COMPILER_GLOBAL_ACCENT_COLOR_NAME = AccentColor;
				CODE_SIGN_STYLE = Automatic;
				CURRENT_PROJECT_VERSION = 1;
				DEVELOPMENT_ASSET_PATHS = "\"BasicDrawingApp/Preview Content\"";
				DEVELOPMENT_TEAM = 47U4934726;
				ENABLE_PREVIEWS = YES;
				GENERATE_INFOPLIST_FILE = YES;
				INFOPLIST_KEY_UIApplicationSceneManifest_Generation = YES;
				INFOPLIST_KEY_UIApplicationSupportsIndirectInputEvents = YES;
				INFOPLIST_KEY_UILaunchScreen_Generation = YES;
				INFOPLIST_KEY_UISupportedInterfaceOrientations_iPad = "UIInterfaceOrientationPortrait UIInterfaceOrientationPortraitUpsideDown UIInterfaceOrientationLandscapeLeft UIInterfaceOrientationLandscapeRight";
				INFOPLIST_KEY_UISupportedInterfaceOrientations_iPhone = "UIInterfaceOrientationPortrait UIInterfaceOrientationLandscapeLeft UIInterfaceOrientationLandscapeRight";
				LD_RUNPATH_SEARCH_PATHS = (
					"$(inherited)",
					"@executable_path/Frameworks",
				);
				MARKETING_VERSION = 1.0;
				PRODUCT_BUNDLE_IDENTIFIER = justApps.BasicDrawingApp;
				PRODUCT_NAME = "$(TARGET_NAME)";
				SWIFT_EMIT_LOC_STRINGS = YES;
				SWIFT_VERSION = 5.0;
				TARGETED_DEVICE_FAMILY = "1,2";
			};
			name = Release;
		};
		9642ECB12CA370390047A6A3 /* Debug */ = {
			isa = XCBuildConfiguration;
			buildSettings = {
				BUNDLE_LOADER = "$(TEST_HOST)";
				CODE_SIGN_STYLE = Automatic;
				CURRENT_PROJECT_VERSION = 1;
				DEVELOPMENT_TEAM = 47U4934726;
				GENERATE_INFOPLIST_FILE = YES;
				IPHONEOS_DEPLOYMENT_TARGET = 18.0;
				MARKETING_VERSION = 1.0;
				PRODUCT_BUNDLE_IDENTIFIER = justApps.BasicDrawingAppTests;
				PRODUCT_NAME = "$(TARGET_NAME)";
				SWIFT_EMIT_LOC_STRINGS = NO;
				SWIFT_VERSION = 5.0;
				TARGETED_DEVICE_FAMILY = "1,2";
				TEST_HOST = "$(BUILT_PRODUCTS_DIR)/BasicDrawingApp.app/$(BUNDLE_EXECUTABLE_FOLDER_PATH)/BasicDrawingApp";
			};
			name = Debug;
		};
		9642ECB22CA370390047A6A3 /* Release */ = {
			isa = XCBuildConfiguration;
			buildSettings = {
				BUNDLE_LOADER = "$(TEST_HOST)";
				CODE_SIGN_STYLE = Automatic;
				CURRENT_PROJECT_VERSION = 1;
				DEVELOPMENT_TEAM = 47U4934726;
				GENERATE_INFOPLIST_FILE = YES;
				IPHONEOS_DEPLOYMENT_TARGET = 18.0;
				MARKETING_VERSION = 1.0;
				PRODUCT_BUNDLE_IDENTIFIER = justApps.BasicDrawingAppTests;
				PRODUCT_NAME = "$(TARGET_NAME)";
				SWIFT_EMIT_LOC_STRINGS = NO;
				SWIFT_VERSION = 5.0;
				TARGETED_DEVICE_FAMILY = "1,2";
				TEST_HOST = "$(BUILT_PRODUCTS_DIR)/BasicDrawingApp.app/$(BUNDLE_EXECUTABLE_FOLDER_PATH)/BasicDrawingApp";
			};
			name = Release;
		};
		9642ECB42CA370390047A6A3 /* Debug */ = {
			isa = XCBuildConfiguration;
			buildSettings = {
				CODE_SIGN_STYLE = Automatic;
				CURRENT_PROJECT_VERSION = 1;
				DEVELOPMENT_TEAM = 47U4934726;
				GENERATE_INFOPLIST_FILE = YES;
				MARKETING_VERSION = 1.0;
				PRODUCT_BUNDLE_IDENTIFIER = justApps.BasicDrawingAppUITests;
				PRODUCT_NAME = "$(TARGET_NAME)";
				SWIFT_EMIT_LOC_STRINGS = NO;
				SWIFT_VERSION = 5.0;
				TARGETED_DEVICE_FAMILY = "1,2";
				TEST_TARGET_NAME = BasicDrawingApp;
			};
			name = Debug;
		};
		9642ECB52CA370390047A6A3 /* Release */ = {
			isa = XCBuildConfiguration;
			buildSettings = {
				CODE_SIGN_STYLE = Automatic;
				CURRENT_PROJECT_VERSION = 1;
				DEVELOPMENT_TEAM = 47U4934726;
				GENERATE_INFOPLIST_FILE = YES;
				MARKETING_VERSION = 1.0;
				PRODUCT_BUNDLE_IDENTIFIER = justApps.BasicDrawingAppUITests;
				PRODUCT_NAME = "$(TARGET_NAME)";
				SWIFT_EMIT_LOC_STRINGS = NO;
				SWIFT_VERSION = 5.0;
				TARGETED_DEVICE_FAMILY = "1,2";
				TEST_TARGET_NAME = BasicDrawingApp;
			};
			name = Release;
		};
/* End XCBuildConfiguration section */

/* Begin XCConfigurationList section */
		9642EC842CA370370047A6A3 /* Build configuration list for PBXProject "BasicDrawingApp" */ = {
			isa = XCConfigurationList;
			buildConfigurations = (
				9642ECAB2CA370390047A6A3 /* Debug */,
				9642ECAC2CA370390047A6A3 /* Release */,
			);
			defaultConfigurationIsVisible = 0;
			defaultConfigurationName = Release;
		};
		9642ECAD2CA370390047A6A3 /* Build configuration list for PBXNativeTarget "BasicDrawingApp" */ = {
			isa = XCConfigurationList;
			buildConfigurations = (
				9642ECAE2CA370390047A6A3 /* Debug */,
				9642ECAF2CA370390047A6A3 /* Release */,
			);
			defaultConfigurationIsVisible = 0;
			defaultConfigurationName = Release;
		};
		9642ECB02CA370390047A6A3 /* Build configuration list for PBXNativeTarget "BasicDrawingAppTests" */ = {
			isa = XCConfigurationList;
			buildConfigurations = (
				9642ECB12CA370390047A6A3 /* Debug */,
				9642ECB22CA370390047A6A3 /* Release */,
			);
			defaultConfigurationIsVisible = 0;
			defaultConfigurationName = Release;
		};
		9642ECB32CA370390047A6A3 /* Build configuration list for PBXNativeTarget "BasicDrawingAppUITests" */ = {
			isa = XCConfigurationList;
			buildConfigurations = (
				9642ECB42CA370390047A6A3 /* Debug */,
				9642ECB52CA370390047A6A3 /* Release */,
			);
			defaultConfigurationIsVisible = 0;
			defaultConfigurationName = Release;
		};
/* End XCConfigurationList section */
	};
	rootObject = 9642EC812CA370370047A6A3 /* Project object */;
}
